{
  "nodes": {
    "nixpkgs": {
      "locked": {
        "lastModified": 1692100542,
        "narHash": "sha256-H4f4BMl6cII32vg44RW8S/f0sel+6oJVsI1Eek9IwX4=",
        "owner": "NixOS",
        "repo": "nixpkgs",
        "rev": "32e8028c1c6d16f8783fb226fe1ab5b5cd5603ed",
        "type": "github"
      },
      "original": {
        "owner": "NixOS",
        "ref": "nixpkgs-unstable",
        "repo": "nixpkgs",
        "type": "github"
      }
    },
    "root": {
      "inputs": {
        "nixpkgs": "nixpkgs"
      }
    }
  },
  "root": "root",
  "version": 7
}
